
Microsoft Visual Studio Solution File, Format Version 11.00
# Visual Studio 2010
Project("{FAE04EC0-301F-11D3-BF4B-00C04F79EFBC}") = "Convertinator", "Convertinator\Convertinator.csproj", "{B2D0F14F-7FE7-4F52-A06F-5B6C331006F2}"
EndProject
Project("{FAE04EC0-301F-11D3-BF4B-00C04F79EFBC}") = "Convertinator.Tests", "Convertinator.Tests\Convertinator.Tests.csproj", "{D2C062A0-5401-4C38-A1F8-F04EE6493A80}"
EndProject
Global
	GlobalSection(SolutionConfigurationPlatforms) = preSolution
		Debug|Any CPU = Debug|Any CPU
		Release|Any CPU = Release|Any CPU
	EndGlobalSection
	GlobalSection(ProjectConfigurationPlatforms) = postSolution
		{B2D0F14F-7FE7-4F52-A06F-5B6C331006F2}.Debug|Any CPU.ActiveCfg = Debug|Any CPU
		{B2D0F14F-7FE7-4F52-A06F-5B6C331006F2}.Debug|Any CPU.Build.0 = Debug|Any CPU
		{B2D0F14F-7FE7-4F52-A06F-5B6C331006F2}.Release|Any CPU.ActiveCfg = Release|Any CPU
		{B2D0F14F-7FE7-4F52-A06F-5B6C331006F2}.Release|Any CPU.Build.0 = Release|Any CPU
		{D2C062A0-5401-4C38-A1F8-F04EE6493A80}.Debug|Any CPU.ActiveCfg = Debug|Any CPU
		{D2C062A0-5401-4C38-A1F8-F04EE6493A80}.Debug|Any CPU.Build.0 = Debug|Any CPU
		{D2C062A0-5401-4C38-A1F8-F04EE6493A80}.Release|Any CPU.ActiveCfg = Release|Any CPU
		{D2C062A0-5401-4C38-A1F8-F04EE6493A80}.Release|Any CPU.Build.0 = Release|Any CPU
	EndGlobalSection
	GlobalSection(SolutionProperties) = preSolution
		HideSolutionNode = FALSE
	EndGlobalSection
EndGlobal
